{
  "version": 4,
  "terraform_version": "1.3.0",
  "serial": 3,
  "lineage": "e3987ce5-fbfb-e482-3737-dcd44119d7d3",
  "outputs": {
    "lb_ip": {
      "value": "a62a3b1f338ad4d4a8a17e3e7a8a6420-857235171.us-east-1.elb.amazonaws.com",
      "type": "string"
    }
  },
  "resources": [
    {
      "mode": "data",
      "type": "aws_eks_cluster",
      "name": "cluster",
      "provider": "provider[\"registry.terraform.io/hashicorp/aws\"]",
      "instances": [
        {
          "schema_version": 0,
          "attributes": {
            "arn": "arn:aws:eks:us-east-1:253427922730:cluster/education-eks-3sLAfe56",
            "certificate_authority": [
              {
                "data": "LS0tLS1CRUdJTiBDRVJUSUZJQ0FURS0tLS0tCk1JSUM1ekNDQWMrZ0F3SUJBZ0lCQURBTkJna3Foa2lHOXcwQkFRc0ZBREFWTVJNd0VRWURWUVFERXdwcmRXSmwKY201bGRHVnpNQjRYRFRJeU1UQXlNREEwTXpJek5Gb1hEVE15TVRBeE56QTBNekl6TkZvd0ZURVRNQkVHQTFVRQpBeE1LYTNWaVpYSnVaWFJsY3pDQ0FTSXdEUVlKS29aSWh2Y05BUUVCQlFBRGdnRVBBRENDQVFvQ2dnRUJBUFI4CjNWbnZWMzhHWVVqQWxlZHJkaktTWUp0cStRS0tidnR4TXNHWnJYYWlDSmxtZ09kSlJReXBLU3ZXK1RWTkh6SDUKeVFNclNLblI2SkNtV2FEQzM4dFczZ3NyVVdZbEdHTk1DVkJpN2lacWNLTHNaYW40ejNLOGNnNlp6U3NLdEZ3RAo1V0hONlhlZ2QzbDJYVVhlT2VTNmFjMWhvUGVYM0FFeW9WWDExMlFvTWVCWWIrdHhxbUhRTDVBVFVBdTNrdGpvCldWZXFxei9NNnNuUXprTldORXluY1ZiWDBiU3dnbGZSSklWYmd2ZTVlMTZXZVJJZ1Vac3l0YU1OcUtIK21nVHIKYnRUU2VxWGRxbUcxSTcwZDFma29uWlJXN0FUTmZXTHkyYTMwUUs5RlJodG45UmhhUkZoajdJbllnUnhQTVNINwpqbzlDejZySVI0VG5qb1F6enBjQ0F3RUFBYU5DTUVBd0RnWURWUjBQQVFIL0JBUURBZ0trTUE4R0ExVWRFd0VCCi93UUZNQU1CQWY4d0hRWURWUjBPQkJZRUZQS05JSUN3K3g4eS9kTEVoZkRoZVg5Zms1Z3BNQTBHQ1NxR1NJYjMKRFFFQkN3VUFBNElCQVFCUW5jN2Z6OU1rcDN0aTRWaXRVUkJmL3Z5RVI4cE11ZjlXVDM5bmNRN25Kck9ubUQycwpsSlE0bmZwRS9jSWw2b3c5L3lFVnBFbVBHcHdvQXJ4bTlDckRVSFNNRjFSWVJXcDlUNVNIdG11Z1l2dHBqSzV4CnJKTThObUNvL3lzQjRqUG1idEZRQThLUTFxUU04ZU5CUDVoTmJNS0x0U3Q1MGZPNVRYTmdMMEo3Uk4yK0lOay8KMllsM2JpTW04RUxQZkQwNnhqQUV4S1RGTXp1VnlWV0dtUjR5WGdWcisycjNBYmNZN290dVg1SHZlaE45b0RmOQo5ZFJRZFFNcmM2ZGtmTCtFclJiM1gxZWlnang5SEZUdGt6cnNMTEM4RjVyUUp5anBUNGxRYTF3aUJ3ZVNoSmp5CmNkNFRHL2d3ell1ZHB5c0Ira3VZM045cWFSNnRDWEo0TTJTSAotLS0tLUVORCBDRVJUSUZJQ0FURS0tLS0tCg=="
              }
            ],
            "created_at": "2022-10-20 04:27:27.94 +0000 UTC",
            "enabled_cluster_log_types": [],
            "endpoint": "https://CF3FE08657767AA4613980DA55FB15D0.gr7.us-east-1.eks.amazonaws.com",
            "id": "education-eks-3sLAfe56",
            "identity": [
              {
                "oidc": [
                  {
                    "issuer": "https://oidc.eks.us-east-1.amazonaws.com/id/CF3FE08657767AA4613980DA55FB15D0"
                  }
                ]
              }
            ],
            "kubernetes_network_config": [
              {
                "ip_family": "ipv4",
                "service_ipv4_cidr": "172.20.0.0/16",
                "service_ipv6_cidr": ""
              }
            ],
            "name": "education-eks-3sLAfe56",
            "outpost_config": [],
            "platform_version": "eks.9",
            "role_arn": "arn:aws:iam::253427922730:role/education-eks-3sLAfe5620221020042658448500000003",
            "status": "ACTIVE",
            "tags": {
              "Environment": "training",
              "GithubOrg": "terraform-aws-modules",
              "GithubRepo": "terraform-aws-eks"
            },
            "version": "1.20",
            "vpc_config": [
              {
                "cluster_security_group_id": "sg-0ed15629a096b114d",
                "endpoint_private_access": false,
                "endpoint_public_access": true,
                "public_access_cidrs": [
                  "0.0.0.0/0"
                ],
                "security_group_ids": [
                  "sg-0b0b72835156abf6b"
                ],
                "subnet_ids": [
                  "subnet-027bec994fe5b9817",
                  "subnet-04aa12de22d0e6229",
                  "subnet-087b66037a3517d92"
                ],
                "vpc_id": "vpc-06f0d95f6caddb34f"
              }
            ]
          },
          "sensitive_attributes": []
        }
      ]
    },
    {
      "mode": "data",
      "type": "terraform_remote_state",
      "name": "eks",
      "provider": "provider[\"terraform.io/builtin/terraform\"]",
      "instances": [
        {
          "schema_version": 0,
          "attributes": {
            "backend": "local",
            "config": {
              "value": {
                "path": "../demo-terraform-eks-cluster/terraform.tfstate"
              },
              "type": [
                "object",
                {
                  "path": "string"
                }
              ]
            },
            "defaults": null,
            "outputs": {
              "value": {
                "cluster_endpoint": "https://CF3FE08657767AA4613980DA55FB15D0.gr7.us-east-1.eks.amazonaws.com",
                "cluster_id": "education-eks-3sLAfe56",
                "cluster_name": "education-eks-3sLAfe56",
                "cluster_security_group_id": "sg-0b0b72835156abf6b",
                "config_map_aws_auth": [
                  {
                    "binary_data": null,
                    "data": {
                      "mapAccounts": "[]\n",
                      "mapRoles": "- \"groups\":\n  - \"system:bootstrappers\"\n  - \"system:nodes\"\n  \"rolearn\": \"arn:aws:iam::253427922730:role/education-eks-3sLAfe562022102004361083060000000e\"\n  \"username\": \"system:node:{{EC2PrivateDNSName}}\"\n",
                      "mapUsers": "[]\n"
                    },
                    "id": "kube-system/aws-auth",
                    "immutable": false,
                    "metadata": [
                      {
                        "annotations": null,
                        "generate_name": "",
                        "generation": 0,
                        "labels": {
                          "app.kubernetes.io/managed-by": "Terraform",
                          "terraform.io/module": "terraform-aws-modules.eks.aws"
                        },
                        "name": "aws-auth",
                        "namespace": "kube-system",
                        "resource_version": "811",
                        "uid": "b6305a6d-7a9e-4948-b304-caf10a5761f1"
                      }
                    ]
                  }
                ],
                "kubectl_config": "apiVersion: v1\npreferences: {}\nkind: Config\n\nclusters:\n- cluster:\n    server: https://CF3FE08657767AA4613980DA55FB15D0.gr7.us-east-1.eks.amazonaws.com\n    certificate-authority-data: LS0tLS1CRUdJTiBDRVJUSUZJQ0FURS0tLS0tCk1JSUM1ekNDQWMrZ0F3SUJBZ0lCQURBTkJna3Foa2lHOXcwQkFRc0ZBREFWTVJNd0VRWURWUVFERXdwcmRXSmwKY201bGRHVnpNQjRYRFRJeU1UQXlNREEwTXpJek5Gb1hEVE15TVRBeE56QTBNekl6TkZvd0ZURVRNQkVHQTFVRQpBeE1LYTNWaVpYSnVaWFJsY3pDQ0FTSXdEUVlKS29aSWh2Y05BUUVCQlFBRGdnRVBBRENDQVFvQ2dnRUJBUFI4CjNWbnZWMzhHWVVqQWxlZHJkaktTWUp0cStRS0tidnR4TXNHWnJYYWlDSmxtZ09kSlJReXBLU3ZXK1RWTkh6SDUKeVFNclNLblI2SkNtV2FEQzM4dFczZ3NyVVdZbEdHTk1DVkJpN2lacWNLTHNaYW40ejNLOGNnNlp6U3NLdEZ3RAo1V0hONlhlZ2QzbDJYVVhlT2VTNmFjMWhvUGVYM0FFeW9WWDExMlFvTWVCWWIrdHhxbUhRTDVBVFVBdTNrdGpvCldWZXFxei9NNnNuUXprTldORXluY1ZiWDBiU3dnbGZSSklWYmd2ZTVlMTZXZVJJZ1Vac3l0YU1OcUtIK21nVHIKYnRUU2VxWGRxbUcxSTcwZDFma29uWlJXN0FUTmZXTHkyYTMwUUs5RlJodG45UmhhUkZoajdJbllnUnhQTVNINwpqbzlDejZySVI0VG5qb1F6enBjQ0F3RUFBYU5DTUVBd0RnWURWUjBQQVFIL0JBUURBZ0trTUE4R0ExVWRFd0VCCi93UUZNQU1CQWY4d0hRWURWUjBPQkJZRUZQS05JSUN3K3g4eS9kTEVoZkRoZVg5Zms1Z3BNQTBHQ1NxR1NJYjMKRFFFQkN3VUFBNElCQVFCUW5jN2Z6OU1rcDN0aTRWaXRVUkJmL3Z5RVI4cE11ZjlXVDM5bmNRN25Kck9ubUQycwpsSlE0bmZwRS9jSWw2b3c5L3lFVnBFbVBHcHdvQXJ4bTlDckRVSFNNRjFSWVJXcDlUNVNIdG11Z1l2dHBqSzV4CnJKTThObUNvL3lzQjRqUG1idEZRQThLUTFxUU04ZU5CUDVoTmJNS0x0U3Q1MGZPNVRYTmdMMEo3Uk4yK0lOay8KMllsM2JpTW04RUxQZkQwNnhqQUV4S1RGTXp1VnlWV0dtUjR5WGdWcisycjNBYmNZN290dVg1SHZlaE45b0RmOQo5ZFJRZFFNcmM2ZGtmTCtFclJiM1gxZWlnang5SEZUdGt6cnNMTEM4RjVyUUp5anBUNGxRYTF3aUJ3ZVNoSmp5CmNkNFRHL2d3ell1ZHB5c0Ira3VZM045cWFSNnRDWEo0TTJTSAotLS0tLUVORCBDRVJUSUZJQ0FURS0tLS0tCg==\n  name: eks_education-eks-3sLAfe56\n\ncontexts:\n- context:\n    cluster: eks_education-eks-3sLAfe56\n    user: eks_education-eks-3sLAfe56\n  name: eks_education-eks-3sLAfe56\n\ncurrent-context: eks_education-eks-3sLAfe56\n\nusers:\n- name: eks_education-eks-3sLAfe56\n  user:\n    exec:\n      apiVersion: client.authentication.k8s.io/v1alpha1\n      command: aws-iam-authenticator\n      args:\n        - \"token\"\n        - \"-i\"\n        - \"education-eks-3sLAfe56\"\n",
                "region": "us-east-1"
              },
              "type": [
                "object",
                {
                  "cluster_endpoint": "string",
                  "cluster_id": "string",
                  "cluster_name": "string",
                  "cluster_security_group_id": "string",
                  "config_map_aws_auth": [
                    "tuple",
                    [
                      [
                        "object",
                        {
                          "binary_data": [
                            "map",
                            "string"
                          ],
                          "data": [
                            "map",
                            "string"
                          ],
                          "id": "string",
                          "immutable": "bool",
                          "metadata": [
                            "list",
                            [
                              "object",
                              {
                                "annotations": [
                                  "map",
                                  "string"
                                ],
                                "generate_name": "string",
                                "generation": "number",
                                "labels": [
                                  "map",
                                  "string"
                                ],
                                "name": "string",
                                "namespace": "string",
                                "resource_version": "string",
                                "uid": "string"
                              }
                            ]
                          ]
                        }
                      ]
                    ]
                  ],
                  "kubectl_config": "string",
                  "region": "string"
                }
              ]
            },
            "workspace": null
          },
          "sensitive_attributes": []
        }
      ]
    },
    {
      "mode": "managed",
      "type": "kubernetes_deployment",
      "name": "nginx",
      "provider": "provider[\"registry.terraform.io/hashicorp/kubernetes\"]",
      "instances": [
        {
          "schema_version": 1,
          "attributes": {
            "id": "default/scalable-nginx-example",
            "metadata": [
              {
                "annotations": null,
                "generate_name": "",
                "generation": 1,
                "labels": {
                  "App": "ScalableNginxExample"
                },
                "name": "scalable-nginx-example",
                "namespace": "default",
                "resource_version": "12376",
                "uid": "610e9c57-f0f4-4302-a056-c889a946fc9f"
              }
            ],
            "spec": [
              {
                "min_ready_seconds": 0,
                "paused": false,
                "progress_deadline_seconds": 600,
                "replicas": "2",
                "revision_history_limit": 10,
                "selector": [
                  {
                    "match_expressions": [],
                    "match_labels": {
                      "App": "ScalableNginxExample"
                    }
                  }
                ],
                "strategy": [
                  {
                    "rolling_update": [
                      {
                        "max_surge": "25%",
                        "max_unavailable": "25%"
                      }
                    ],
                    "type": "RollingUpdate"
                  }
                ],
                "template": [
                  {
                    "metadata": [
                      {
                        "annotations": null,
                        "generate_name": "",
                        "generation": 0,
                        "labels": {
                          "App": "ScalableNginxExample"
                        },
                        "name": "",
                        "namespace": "",
                        "resource_version": "",
                        "uid": ""
                      }
                    ],
                    "spec": [
                      {
                        "active_deadline_seconds": 0,
                        "affinity": [],
                        "automount_service_account_token": true,
                        "container": [
                          {
                            "args": null,
                            "command": null,
                            "env": [],
                            "env_from": [],
                            "image": "nginx:1.7.8",
                            "image_pull_policy": "IfNotPresent",
                            "lifecycle": [],
                            "liveness_probe": [],
                            "name": "example",
                            "port": [
                              {
                                "container_port": 80,
                                "host_ip": "",
                                "host_port": 0,
                                "name": "",
                                "protocol": "TCP"
                              }
                            ],
                            "readiness_probe": [],
                            "resources": [
                              {
                                "limits": {
                                  "cpu": "500m",
                                  "memory": "512Mi"
                                },
                                "requests": {
                                  "cpu": "250m",
                                  "memory": "50Mi"
                                }
                              }
                            ],
                            "security_context": [],
                            "startup_probe": [],
                            "stdin": false,
                            "stdin_once": false,
                            "termination_message_path": "/dev/termination-log",
                            "termination_message_policy": "File",
                            "tty": false,
                            "volume_mount": [],
                            "working_dir": ""
                          }
                        ],
                        "dns_config": [],
                        "dns_policy": "ClusterFirst",
                        "enable_service_links": true,
                        "host_aliases": [],
                        "host_ipc": false,
                        "host_network": false,
                        "host_pid": false,
                        "hostname": "",
                        "image_pull_secrets": [],
                        "init_container": [],
                        "node_name": "",
                        "node_selector": null,
                        "priority_class_name": "",
                        "readiness_gate": [],
                        "restart_policy": "Always",
                        "security_context": [],
                        "service_account_name": "",
                        "share_process_namespace": false,
                        "subdomain": "",
                        "termination_grace_period_seconds": 30,
                        "toleration": [],
                        "topology_spread_constraint": [],
                        "volume": []
                      }
                    ]
                  }
                ]
              }
            ],
            "timeouts": null,
            "wait_for_rollout": true
          },
          "sensitive_attributes": [],
          "private": "eyJlMmJmYjczMC1lY2FhLTExZTYtOGY4OC0zNDM2M2JjN2M0YzAiOnsiY3JlYXRlIjo2MDAwMDAwMDAwMDAsImRlbGV0ZSI6NjAwMDAwMDAwMDAwLCJ1cGRhdGUiOjYwMDAwMDAwMDAwMH0sInNjaGVtYV92ZXJzaW9uIjoiMSJ9",
          "dependencies": [
            "data.aws_eks_cluster.cluster",
            "data.terraform_remote_state.eks"
          ]
        }
      ]
    },
    {
      "mode": "managed",
      "type": "kubernetes_service",
      "name": "nginx",
      "provider": "provider[\"registry.terraform.io/hashicorp/kubernetes\"]",
      "instances": [
        {
          "schema_version": 1,
          "attributes": {
            "id": "default/nginx-example",
            "metadata": [
              {
                "annotations": null,
                "generate_name": "",
                "generation": 0,
                "labels": null,
                "name": "nginx-example",
                "namespace": "default",
                "resource_version": "12403",
                "uid": "62a3b1f3-38ad-4d4a-8a17-e3e7a8a6420d"
              }
            ],
            "spec": [
              {
                "allocate_load_balancer_node_ports": true,
                "cluster_ip": "172.20.73.43",
                "cluster_ips": [
                  "172.20.73.43"
                ],
                "external_ips": null,
                "external_name": "",
                "external_traffic_policy": "Cluster",
                "health_check_node_port": 0,
                "internal_traffic_policy": "",
                "ip_families": [],
                "ip_family_policy": "",
                "load_balancer_class": "",
                "load_balancer_ip": "",
                "load_balancer_source_ranges": null,
                "port": [
                  {
                    "app_protocol": "",
                    "name": "",
                    "node_port": 32301,
                    "port": 80,
                    "protocol": "TCP",
                    "target_port": "80"
                  }
                ],
                "publish_not_ready_addresses": false,
                "selector": {
                  "App": "ScalableNginxExample"
                },
                "session_affinity": "None",
                "session_affinity_config": [],
                "type": "LoadBalancer"
              }
            ],
            "status": [
              {
                "load_balancer": [
                  {
                    "ingress": [
                      {
                        "hostname": "a62a3b1f338ad4d4a8a17e3e7a8a6420-857235171.us-east-1.elb.amazonaws.com",
                        "ip": ""
                      }
                    ]
                  }
                ]
              }
            ],
            "timeouts": null,
            "wait_for_load_balancer": true
          },
          "sensitive_attributes": [],
          "private": "eyJlMmJmYjczMC1lY2FhLTExZTYtOGY4OC0zNDM2M2JjN2M0YzAiOnsiY3JlYXRlIjo2MDAwMDAwMDAwMDB9LCJzY2hlbWFfdmVyc2lvbiI6IjEifQ==",
          "dependencies": [
            "data.aws_eks_cluster.cluster",
            "data.terraform_remote_state.eks",
            "kubernetes_deployment.nginx"
          ]
        }
      ]
    }
  ],
  "check_results": []
}
